{
    "_meta": {
        "hash": {
            "sha256": "ff90ea6e3c6f14e3894ac24c028f9d642503622e093591e3bac9c513c03964c3"
        },
        "pipfile-spec": 6,
        "requires": {},
        "sources": [
            {
                "name": "pypi",
                "url": "https://pypi.org/simple",
                "verify_ssl": true
            }
        ]
    },
    "default": {
        "aiohttp": {
            "hashes": [
                "sha256:119feb2bd551e58d83d1b38bfa4cb921af8ddedec9fad7183132db334c3133e0",
                "sha256:16d0683ef8a6d803207f02b899c928223eb219111bd52420ef3d7a8aa76227b6",
                "sha256:2eb3efe243e0f4ecbb654b08444ae6ffab37ac0ef8f69d3a2ffb958905379daf",
                "sha256:2ffea7904e70350da429568113ae422c88d2234ae776519549513c8f217f58a9",
                "sha256:40bd1b101b71a18a528ffce812cc14ff77d4a2a1272dfb8b11b200967489ef3e",
                "sha256:418597633b5cd9639e514b1d748f358832c08cd5d9ef0870026535bd5eaefdd0",
                "sha256:481d4b96969fbfdcc3ff35eea5305d8565a8300410d3d269ccac69e7256b1329",
                "sha256:4c1bdbfdd231a20eee3e56bd0ac1cd88c4ff41b64ab679ed65b75c9c74b6c5c2",
                "sha256:5563ad7fde451b1986d42b9bb9140e2599ecf4f8e42241f6da0d3d624b776f40",
                "sha256:58c62152c4c8731a3152e7e650b29ace18304d086cb5552d317a54ff2749d32a",
                "sha256:5b50e0b9460100fe05d7472264d1975f21ac007b35dcd6fd50279b72925a27f4",
                "sha256:5d84ecc73141d0a0d61ece0742bb7ff5751b0657dab8405f899d3ceb104cc7de",
                "sha256:5dde6d24bacac480be03f4f864e9a67faac5032e28841b00533cd168ab39cad9",
                "sha256:5e91e927003d1ed9283dee9abcb989334fc8e72cf89ebe94dc3e07e3ff0b11e9",
                "sha256:62bc216eafac3204877241569209d9ba6226185aa6d561c19159f2e1cbb6abfb",
                "sha256:6c8200abc9dc5f27203986100579fc19ccad7a832c07d2bc151ce4ff17190076",
                "sha256:6ca56bdfaf825f4439e9e3673775e1032d8b6ea63b8953d3812c71bd6a8b81de",
                "sha256:71680321a8a7176a58dfbc230789790639db78dad61a6e120b39f314f43f1907",
                "sha256:7c7820099e8b3171e54e7eedc33e9450afe7cd08172632d32128bd527f8cb77d",
                "sha256:7dbd087ff2f4046b9b37ba28ed73f15fd0bc9f4fdc8ef6781913da7f808d9536",
                "sha256:822bd4fd21abaa7b28d65fc9871ecabaddc42767884a626317ef5b75c20e8a2d",
                "sha256:8ec1a38074f68d66ccb467ed9a673a726bb397142c273f90d4ba954666e87d54",
                "sha256:950b7ef08b2afdab2488ee2edaff92a03ca500a48f1e1aaa5900e73d6cf992bc",
                "sha256:99c5a5bf7135607959441b7d720d96c8e5c46a1f96e9d6d4c9498be8d5f24212",
                "sha256:b84ad94868e1e6a5e30d30ec419956042815dfaea1b1df1cef623e4564c374d9",
                "sha256:bc3d14bf71a3fb94e5acf5bbf67331ab335467129af6416a437bd6024e4f743d",
                "sha256:c2a80fd9a8d7e41b4e38ea9fe149deed0d6aaede255c497e66b8213274d6d61b",
                "sha256:c44d3c82a933c6cbc21039326767e778eface44fca55c65719921c4b9661a3f7",
                "sha256:cc31e906be1cc121ee201adbdf844522ea3349600dd0a40366611ca18cd40e81",
                "sha256:d5d102e945ecca93bcd9801a7bb2fa703e37ad188a2f81b1e65e4abe4b51b00c",
                "sha256:dd7936f2a6daa861143e376b3a1fb56e9b802f4980923594edd9ca5670974895",
                "sha256:dee68ec462ff10c1d836c0ea2642116aba6151c6880b688e56b4c0246770f297",
                "sha256:e76e78863a4eaec3aee5722d85d04dcbd9844bc6cd3bfa6aa880ff46ad16bfcb",
                "sha256:eab51036cac2da8a50d7ff0ea30be47750547c9aa1aa2cf1a1b710a1827e7dbe",
                "sha256:f4496d8d04da2e98cc9133e238ccebf6a13ef39a93da2e87146c8c8ac9768242",
                "sha256:fbd3b5e18d34683decc00d9a360179ac1e7a320a5fee10ab8053ffd6deab76e0",
                "sha256:feb24ff1226beeb056e247cf2e24bba5232519efb5645121c4aea5b6ad74c1f2"
            ],
            "index": "pypi",
            "version": "==3.7.4"
        },
        "async-timeout": {
            "hashes": [
                "sha256:0c3c816a028d47f659d6ff5c745cb2acf1f966da1fe5c19c77a70282b25f4c5f",
                "sha256:4291ca197d287d274d0b6cb5d6f8f8f82d434ed288f962539ff18cc9012f9ea3"
            ],
            "markers": "python_full_version >= '3.5.3'",
            "version": "==3.0.1"
        },
        "attrs": {
            "hashes": [
                "sha256:29adc2665447e5191d0e7c568fde78b21f9672d344281d0c6e1ab085429b22b6",
                "sha256:86efa402f67bf2df34f51a335487cf46b1ec130d02b8d39fd248abfd30da551c"
            ],
            "markers": "python_version >= '3.5'",
            "version": "==22.1.0"
        },
        "chardet": {
            "hashes": [
                "sha256:84ab92ed1c4d4f16916e05906b6b75a6c0fb5db821cc65e70cbd64a3e2a5eaae",
                "sha256:fc323ffcaeaed0e0a02bf4d117757b98aed530d9ed4531e3e15460124c106691"
            ],
            "version": "==3.0.4"
        },
        "idna": {
            "hashes": [
                "sha256:814f528e8dead7d329833b91c5faa87d60bf71824cd12a7530b5526063d02cb4",
                "sha256:90b77e79eaa3eba6de819a0c442c0b4ceefc341a7a2ab77d7562bf49f425c5c2"
            ],
            "markers": "python_version >= '3.5'",
            "version": "==3.4"
        },
        "multidict": {
            "hashes": [
                "sha256:0327292e745a880459ef71be14e709aaea2f783f3537588fb4ed09b6c01bca60",
                "sha256:041b81a5f6b38244b34dc18c7b6aba91f9cdaf854d9a39e5ff0b58e2b5773b9c",
                "sha256:0556a1d4ea2d949efe5fd76a09b4a82e3a4a30700553a6725535098d8d9fb672",
                "sha256:05f6949d6169878a03e607a21e3b862eaf8e356590e8bdae4227eedadacf6e51",
                "sha256:07a017cfa00c9890011628eab2503bee5872f27144936a52eaab449be5eaf032",
                "sha256:0b9e95a740109c6047602f4db4da9949e6c5945cefbad34a1299775ddc9a62e2",
                "sha256:19adcfc2a7197cdc3987044e3f415168fc5dc1f720c932eb1ef4f71a2067e08b",
                "sha256:19d9bad105dfb34eb539c97b132057a4e709919ec4dd883ece5838bcbf262b80",
                "sha256:225383a6603c086e6cef0f2f05564acb4f4d5f019a4e3e983f572b8530f70c88",
                "sha256:23b616fdc3c74c9fe01d76ce0d1ce872d2d396d8fa8e4899398ad64fb5aa214a",
                "sha256:2957489cba47c2539a8eb7ab32ff49101439ccf78eab724c828c1a54ff3ff98d",
                "sha256:2d36e929d7f6a16d4eb11b250719c39560dd70545356365b494249e2186bc389",
                "sha256:2e4a0785b84fb59e43c18a015ffc575ba93f7d1dbd272b4cdad9f5134b8a006c",
                "sha256:3368bf2398b0e0fcbf46d85795adc4c259299fec50c1416d0f77c0a843a3eed9",
                "sha256:373ba9d1d061c76462d74e7de1c0c8e267e9791ee8cfefcf6b0b2495762c370c",
                "sha256:4070613ea2227da2bfb2c35a6041e4371b0af6b0be57f424fe2318b42a748516",
                "sha256:45183c96ddf61bf96d2684d9fbaf6f3564d86b34cb125761f9a0ef9e36c1d55b",
                "sha256:4571f1beddff25f3e925eea34268422622963cd8dc395bb8778eb28418248e43",
                "sha256:47e6a7e923e9cada7c139531feac59448f1f47727a79076c0b1ee80274cd8eee",
                "sha256:47fbeedbf94bed6547d3aa632075d804867a352d86688c04e606971595460227",
                "sha256:497988d6b6ec6ed6f87030ec03280b696ca47dbf0648045e4e1d28b80346560d",
                "sha256:4bae31803d708f6f15fd98be6a6ac0b6958fcf68fda3c77a048a4f9073704aae",
                "sha256:50bd442726e288e884f7be9071016c15a8742eb689a593a0cac49ea093eef0a7",
                "sha256:514fe2b8d750d6cdb4712346a2c5084a80220821a3e91f3f71eec11cf8d28fd4",
                "sha256:5774d9218d77befa7b70d836004a768fb9aa4fdb53c97498f4d8d3f67bb9cfa9",
                "sha256:5fdda29a3c7e76a064f2477c9aab1ba96fd94e02e386f1e665bca1807fc5386f",
                "sha256:5ff3bd75f38e4c43f1f470f2df7a4d430b821c4ce22be384e1459cb57d6bb013",
                "sha256:626fe10ac87851f4cffecee161fc6f8f9853f0f6f1035b59337a51d29ff3b4f9",
                "sha256:6701bf8a5d03a43375909ac91b6980aea74b0f5402fbe9428fc3f6edf5d9677e",
                "sha256:684133b1e1fe91eda8fa7447f137c9490a064c6b7f392aa857bba83a28cfb693",
                "sha256:6f3cdef8a247d1eafa649085812f8a310e728bdf3900ff6c434eafb2d443b23a",
                "sha256:75bdf08716edde767b09e76829db8c1e5ca9d8bb0a8d4bd94ae1eafe3dac5e15",
                "sha256:7c40b7bbece294ae3a87c1bc2abff0ff9beef41d14188cda94ada7bcea99b0fb",
                "sha256:8004dca28e15b86d1b1372515f32eb6f814bdf6f00952699bdeb541691091f96",
                "sha256:8064b7c6f0af936a741ea1efd18690bacfbae4078c0c385d7c3f611d11f0cf87",
                "sha256:89171b2c769e03a953d5969b2f272efa931426355b6c0cb508022976a17fd376",
                "sha256:8cbf0132f3de7cc6c6ce00147cc78e6439ea736cee6bca4f068bcf892b0fd658",
                "sha256:9cc57c68cb9139c7cd6fc39f211b02198e69fb90ce4bc4a094cf5fe0d20fd8b0",
                "sha256:a007b1638e148c3cfb6bf0bdc4f82776cef0ac487191d093cdc316905e504071",
                "sha256:a2c34a93e1d2aa35fbf1485e5010337c72c6791407d03aa5f4eed920343dd360",
                "sha256:a45e1135cb07086833ce969555df39149680e5471c04dfd6a915abd2fc3f6dbc",
                "sha256:ac0e27844758d7177989ce406acc6a83c16ed4524ebc363c1f748cba184d89d3",
                "sha256:aef9cc3d9c7d63d924adac329c33835e0243b5052a6dfcbf7732a921c6e918ba",
                "sha256:b9d153e7f1f9ba0b23ad1568b3b9e17301e23b042c23870f9ee0522dc5cc79e8",
                "sha256:bfba7c6d5d7c9099ba21f84662b037a0ffd4a5e6b26ac07d19e423e6fdf965a9",
                "sha256:c207fff63adcdf5a485969131dc70e4b194327666b7e8a87a97fbc4fd80a53b2",
                "sha256:d0509e469d48940147e1235d994cd849a8f8195e0bca65f8f5439c56e17872a3",
                "sha256:d16cce709ebfadc91278a1c005e3c17dd5f71f5098bfae1035149785ea6e9c68",
                "sha256:d48b8ee1d4068561ce8033d2c344cf5232cb29ee1a0206a7b828c79cbc5982b8",
                "sha256:de989b195c3d636ba000ee4281cd03bb1234635b124bf4cd89eeee9ca8fcb09d",
                "sha256:e07c8e79d6e6fd37b42f3250dba122053fddb319e84b55dd3a8d6446e1a7ee49",
                "sha256:e2c2e459f7050aeb7c1b1276763364884595d47000c1cddb51764c0d8976e608",
                "sha256:e5b20e9599ba74391ca0cfbd7b328fcc20976823ba19bc573983a25b32e92b57",
                "sha256:e875b6086e325bab7e680e4316d667fc0e5e174bb5611eb16b3ea121c8951b86",
                "sha256:f4f052ee022928d34fe1f4d2bc743f32609fb79ed9c49a1710a5ad6b2198db20",
                "sha256:fcb91630817aa8b9bc4a74023e4198480587269c272c58b3279875ed7235c293",
                "sha256:fd9fc9c4849a07f3635ccffa895d57abce554b467d611a5009ba4f39b78a8849",
                "sha256:feba80698173761cddd814fa22e88b0661e98cb810f9f986c54aa34d281e4937",
                "sha256:feea820722e69451743a3d56ad74948b68bf456984d63c1a92e8347b7b88452d"
            ],
            "markers": "python_version >= '3.7'",
            "version": "==6.0.2"
        },
        "numpy": {
            "hashes": [
                "sha256:00d7b54c025601e28f468953d065b9b121ddca7fff30bed7be082d3656dd798d",
                "sha256:02ec9582808c4e48be4e93cd629c855e644882faf704bc2bd6bbf58c08a2a897",
                "sha256:0e6f72f7bb08f2f350ed4408bb7acdc0daba637e73bce9f5ea2b207039f3af88",
                "sha256:1be2e96314a66f5f1ce7764274327fd4fb9da58584eaff00b5a5221edefee7d6",
                "sha256:2466fbcf23711ebc5daa61d28ced319a6159b260a18839993d871096d66b93f7",
                "sha256:2b573fcf6f9863ce746e4ad00ac18a948978bb3781cffa4305134d31801f3e26",
                "sha256:3f0dae97e1126f529ebb66f3c63514a0f72a177b90d56e4bce8a0b5def34627a",
                "sha256:50fb72bcbc2cf11e066579cb53c4ca8ac0227abb512b6cbc1faa02d1595a2a5d",
                "sha256:57aea170fb23b1fd54fa537359d90d383d9bf5937ee54ae8045a723caa5e0961",
                "sha256:709c2999b6bd36cdaf85cf888d8512da7433529f14a3689d6e37ab5242e7add5",
                "sha256:7d59f21e43bbfd9a10953a7e26b35b6849d888fc5a331fa84a2d9c37bd9fe2a2",
                "sha256:904b513ab8fbcbdb062bed1ce2f794ab20208a1b01ce9bd90776c6c7e7257032",
                "sha256:96dd36f5cdde152fd6977d1bbc0f0561bccffecfde63cd397c8e6033eb66baba",
                "sha256:9933b81fecbe935e6a7dc89cbd2b99fea1bf362f2790daf9422a7bb1dc3c3085",
                "sha256:bbcc85aaf4cd84ba057decaead058f43191cc0e30d6bc5d44fe336dc3d3f4509",
                "sha256:dccd380d8e025c867ddcb2f84b439722cf1f23f3a319381eac45fd077dee7170",
                "sha256:e22cd0f72fc931d6abc69dc7764484ee20c6a60b0d0fee9ce0426029b1c1bdae",
                "sha256:ed722aefb0ebffd10b32e67f48e8ac4c5c4cf5d3a785024fdf0e9eb17529cd9d",
                "sha256:efb7ac5572c9a57159cf92c508aad9f856f1cb8e8302d7fdb99061dbe52d712c",
                "sha256:efdba339fffb0e80fcc19524e4fdbda2e2b5772ea46720c44eaac28096d60720",
                "sha256:f22273dd6a403ed870207b853a856ff6327d5cbce7a835dfa0645b3fc00273ec"
            ],
            "index": "pypi",
            "version": "==1.18.4"
        },
        "protobuf": {
            "hashes": [
                "sha256:0c44e01f74109decea196b5b313b08edb5316df77313995594a6981e95674259",
                "sha256:15cdecb0d192ab5f17cdc21a9c0ae7b5c6c4451e42c8a888a4f3344c190e369c",
                "sha256:196a153e487c0e20d62259872bbf2e1c4fa18e2ce97e20984fcbf9d8b151058d",
                "sha256:3149c373e9b7ce296bb24d42a3eb677d620185b5dff2c390b2cf57baf79afdc1",
                "sha256:370a6b885e94adda021d4cbe43accdfbf6a02af651a0be337a28906a3fa77f3d",
                "sha256:474247630834f93214fafce49d2ee6ff4c036c8c5382b88432b7eae6f08f131b",
                "sha256:6380aae2683d0d1b41199e591c8ba06f867e8a778d44309af87073c1b34a9f3a",
                "sha256:6741d7d1cfcbdd6cf610f38b7976cf8c0b41022203555298925e4061b6616608",
                "sha256:700787cb56b4cb7b8ed5f7d197b9d8f30080f257f3c7431eec1fdd8060660929",
                "sha256:8117b52c2531e4033f7d02b9be5a78564da41a8b02c255e1b731ad4bd75e7dc0",
                "sha256:850da2072d98c6e576b7eb29734cdde6fd9f5d157e43d7818d79f4b373ef5d51",
                "sha256:85d1fb5ff1d638a0045bbe4f01a8f287023aa4f2b29011445b1be0edc74a2103",
                "sha256:93bca9aaeee8008e15696c2a6b5e56b992da03f9d237ff54310e397d635f8305",
                "sha256:98d414513ec44bb3ba77ebdeffcbbe6ebbf3630c767d37a285890c2414fdd4e2",
                "sha256:a7f91a4e5bf3cc58b2830c9cb01b04ac5e211c288048e9296cd407ec0455fb89",
                "sha256:abbcb8ecd19cfb729b9b71f9a453e37c0c1c017be4bff47804ff25150685386d",
                "sha256:b03966ca4d1aa7850f5bf0d841c22a8eeb6ce091f77e585ffeb8b95a6b0a96c4",
                "sha256:cde2a73b03049b904dbc5d0f500b97e11abb4109dbe2940e6a1595e2eef4e8a9",
                "sha256:d52a687e2c74c40f45abd6906f833d4e40f0f8cfa4226a80e4695fedafe6c57e",
                "sha256:e68ad00695547d9397dd14abd3efba23cb31cef67228f4512d41396971889812",
                "sha256:e9bffd52d6ee039a1cafb72475b2900c6fd0f0dca667fb7a09af0a3e119e78cb"
            ],
            "index": "pypi",
            "version": "==3.18.3"
        },
        "typing-extensions": {
            "hashes": [
                "sha256:25642c956049920a5aa49edcdd6ab1e06d7e5d467fc00e0506c44ac86fbfca02",
                "sha256:e6d2677a32f47fc7eb2795db1dd15c1f34eff616bcaf2cfb5e997f854fa1c4a6"
            ],
            "markers": "python_version >= '3.7'",
            "version": "==4.3.0"
        },
        "yarl": {
            "hashes": [
                "sha256:076eede537ab978b605f41db79a56cad2e7efeea2aa6e0fa8f05a26c24a034fb",
                "sha256:07b21e274de4c637f3e3b7104694e53260b5fc10d51fb3ec5fed1da8e0f754e3",
                "sha256:0ab5a138211c1c366404d912824bdcf5545ccba5b3ff52c42c4af4cbdc2c5035",
                "sha256:0c03f456522d1ec815893d85fccb5def01ffaa74c1b16ff30f8aaa03eb21e453",
                "sha256:12768232751689c1a89b0376a96a32bc7633c08da45ad985d0c49ede691f5c0d",
                "sha256:19cd801d6f983918a3f3a39f3a45b553c015c5aac92ccd1fac619bd74beece4a",
                "sha256:1ca7e596c55bd675432b11320b4eacc62310c2145d6801a1f8e9ad160685a231",
                "sha256:1e4808f996ca39a6463f45182e2af2fae55e2560be586d447ce8016f389f626f",
                "sha256:205904cffd69ae972a1707a1bd3ea7cded594b1d773a0ce66714edf17833cdae",
                "sha256:20df6ff4089bc86e4a66e3b1380460f864df3dd9dccaf88d6b3385d24405893b",
                "sha256:21ac44b763e0eec15746a3d440f5e09ad2ecc8b5f6dcd3ea8cb4773d6d4703e3",
                "sha256:29e256649f42771829974e742061c3501cc50cf16e63f91ed8d1bf98242e5507",
                "sha256:2d800b9c2eaf0684c08be5f50e52bfa2aa920e7163c2ea43f4f431e829b4f0fd",
                "sha256:2d93a049d29df172f48bcb09acf9226318e712ce67374f893b460b42cc1380ae",
                "sha256:31a9a04ecccd6b03e2b0e12e82131f1488dea5555a13a4d32f064e22a6003cfe",
                "sha256:3d1a50e461615747dd93c099f297c1994d472b0f4d2db8a64e55b1edf704ec1c",
                "sha256:449c957ffc6bc2309e1fbe67ab7d2c1efca89d3f4912baeb8ead207bb3cc1cd4",
                "sha256:4a88510731cd8d4befaba5fbd734a7dd914de5ab8132a5b3dde0bbd6c9476c64",
                "sha256:4c322cbaa4ed78a8aac89b2174a6df398faf50e5fc12c4c191c40c59d5e28357",
                "sha256:5395da939ffa959974577eff2cbfc24b004a2fb6c346918f39966a5786874e54",
                "sha256:5587bba41399854703212b87071c6d8638fa6e61656385875f8c6dff92b2e461",
                "sha256:56c11efb0a89700987d05597b08a1efcd78d74c52febe530126785e1b1a285f4",
                "sha256:5999c4662631cb798496535afbd837a102859568adc67d75d2045e31ec3ac497",
                "sha256:59ddd85a1214862ce7c7c66457f05543b6a275b70a65de366030d56159a979f0",
                "sha256:6347f1a58e658b97b0a0d1ff7658a03cb79bdbda0331603bed24dd7054a6dea1",
                "sha256:6628d750041550c5d9da50bb40b5cf28a2e63b9388bac10fedd4f19236ef4957",
                "sha256:6afb336e23a793cd3b6476c30f030a0d4c7539cd81649683b5e0c1b0ab0bf350",
                "sha256:6c8148e0b52bf9535c40c48faebb00cb294ee577ca069d21bd5c48d302a83780",
                "sha256:76577f13333b4fe345c3704811ac7509b31499132ff0181f25ee26619de2c843",
                "sha256:7c0da7e44d0c9108d8b98469338705e07f4bb7dab96dbd8fa4e91b337db42548",
                "sha256:7de89c8456525650ffa2bb56a3eee6af891e98f498babd43ae307bd42dca98f6",
                "sha256:7ec362167e2c9fd178f82f252b6d97669d7245695dc057ee182118042026da40",
                "sha256:7fce6cbc6c170ede0221cc8c91b285f7f3c8b9fe28283b51885ff621bbe0f8ee",
                "sha256:85cba594433915d5c9a0d14b24cfba0339f57a2fff203a5d4fd070e593307d0b",
                "sha256:8b0af1cf36b93cee99a31a545fe91d08223e64390c5ecc5e94c39511832a4bb6",
                "sha256:9130ddf1ae9978abe63808b6b60a897e41fccb834408cde79522feb37fb72fb0",
                "sha256:99449cd5366fe4608e7226c6cae80873296dfa0cde45d9b498fefa1de315a09e",
                "sha256:9de955d98e02fab288c7718662afb33aab64212ecb368c5dc866d9a57bf48880",
                "sha256:a0fb2cb4204ddb456a8e32381f9a90000429489a25f64e817e6ff94879d432fc",
                "sha256:a165442348c211b5dea67c0206fc61366212d7082ba8118c8c5c1c853ea4d82e",
                "sha256:ab2a60d57ca88e1d4ca34a10e9fb4ab2ac5ad315543351de3a612bbb0560bead",
                "sha256:abc06b97407868ef38f3d172762f4069323de52f2b70d133d096a48d72215d28",
                "sha256:af887845b8c2e060eb5605ff72b6f2dd2aab7a761379373fd89d314f4752abbf",
                "sha256:b19255dde4b4f4c32e012038f2c169bb72e7f081552bea4641cab4d88bc409dd",
                "sha256:b3ded839a5c5608eec8b6f9ae9a62cb22cd037ea97c627f38ae0841a48f09eae",
                "sha256:c1445a0c562ed561d06d8cbc5c8916c6008a31c60bc3655cdd2de1d3bf5174a0",
                "sha256:d0272228fabe78ce00a3365ffffd6f643f57a91043e119c289aaba202f4095b0",
                "sha256:d0b51530877d3ad7a8d47b2fff0c8df3b8f3b8deddf057379ba50b13df2a5eae",
                "sha256:d0f77539733e0ec2475ddcd4e26777d08996f8cd55d2aef82ec4d3896687abda",
                "sha256:d2b8f245dad9e331540c350285910b20dd913dc86d4ee410c11d48523c4fd546",
                "sha256:dd032e8422a52e5a4860e062eb84ac94ea08861d334a4bcaf142a63ce8ad4802",
                "sha256:de49d77e968de6626ba7ef4472323f9d2e5a56c1d85b7c0e2a190b2173d3b9be",
                "sha256:de839c3a1826a909fdbfe05f6fe2167c4ab033f1133757b5936efe2f84904c07",
                "sha256:e80ed5a9939ceb6fda42811542f31c8602be336b1fb977bccb012e83da7e4936",
                "sha256:ea30a42dc94d42f2ba4d0f7c0ffb4f4f9baa1b23045910c0c32df9c9902cb272",
                "sha256:ea513a25976d21733bff523e0ca836ef1679630ef4ad22d46987d04b372d57fc",
                "sha256:ed19b74e81b10b592084a5ad1e70f845f0aacb57577018d31de064e71ffa267a",
                "sha256:f5af52738e225fcc526ae64071b7e5342abe03f42e0e8918227b38c9aa711e28",
                "sha256:fae37373155f5ef9b403ab48af5136ae9851151f7aacd9926251ab26b953118b"
            ],
            "markers": "python_version >= '3.7'",
            "version": "==1.8.1"
        }
    },
    "develop": {
        "attrs": {
            "hashes": [
                "sha256:29adc2665447e5191d0e7c568fde78b21f9672d344281d0c6e1ab085429b22b6",
                "sha256:86efa402f67bf2df34f51a335487cf46b1ec130d02b8d39fd248abfd30da551c"
            ],
            "markers": "python_version >= '3.5'",
            "version": "==22.1.0"
        },
        "colorama": {
            "hashes": [
                "sha256:7d73d2a99753107a36ac6b455ee49046802e59d9d076ef8e47b61499fa29afff",
                "sha256:e96da0d330793e2cb9485e9ddfd918d456036c7149416295932478192f4436a1"
            ],
            "index": "pypi",
            "version": "==0.4.3"
        },
        "coverage": {
            "hashes": [
                "sha256:01778769097dbd705a24e221f42be885c544bb91251747a8a3efdec6eb4788f2",
                "sha256:08002f9251f51afdcc5e3adf5d5d66bb490ae893d9e21359b085f0e03390a820",
                "sha256:1238b08f3576201ebf41f7c20bf59baa0d05da941b123c6656e42cdb668e9827",
                "sha256:14a32ec68d721c3d714d9b105c7acf8e0f8a4f4734c811eda75ff3718570b5e3",
                "sha256:15e38d853ee224e92ccc9a851457fb1e1f12d7a5df5ae44544ce7863691c7a0d",
                "sha256:354df19fefd03b9a13132fa6643527ef7905712109d9c1c1903f2133d3a4e145",
                "sha256:35ef1f8d8a7a275aa7410d2f2c60fa6443f4a64fae9be671ec0696a68525b875",
                "sha256:4179502f210ebed3ccfe2f78bf8e2d59e50b297b598b100d6c6e3341053066a2",
                "sha256:42c499c14efd858b98c4e03595bf914089b98400d30789511577aa44607a1b74",
                "sha256:4b7101938584d67e6f45f0015b60e24a95bf8dea19836b1709a80342e01b472f",
                "sha256:564cd0f5b5470094df06fab676c6d77547abfdcb09b6c29c8a97c41ad03b103c",
                "sha256:5f444627b3664b80d078c05fe6a850dd711beeb90d26731f11d492dcbadb6973",
                "sha256:6113e4df2fa73b80f77663445be6d567913fb3b82a86ceb64e44ae0e4b695de1",
                "sha256:61b993f3998ee384935ee423c3d40894e93277f12482f6e777642a0141f55782",
                "sha256:66e6df3ac4659a435677d8cd40e8eb1ac7219345d27c41145991ee9bf4b806a0",
                "sha256:67f9346aeebea54e845d29b487eb38ec95f2ecf3558a3cffb26ee3f0dcc3e760",
                "sha256:6913dddee2deff8ab2512639c5168c3e80b3ebb0f818fed22048ee46f735351a",
                "sha256:6a864733b22d3081749450466ac80698fe39c91cb6849b2ef8752fd7482011f3",
                "sha256:7026f5afe0d1a933685d8f2169d7c2d2e624f6255fb584ca99ccca8c0e966fd7",
                "sha256:783bc7c4ee524039ca13b6d9b4186a67f8e63d91342c713e88c1865a38d0892a",
                "sha256:7a98d6bf6d4ca5c07a600c7b4e0c5350cd483c85c736c522b786be90ea5bac4f",
                "sha256:8d032bfc562a52318ae05047a6eb801ff31ccee172dc0d2504614e911d8fa83e",
                "sha256:98c0b9e9b572893cdb0a00e66cf961a238f8d870d4e1dc8e679eb8bdc2eb1b86",
                "sha256:9c7b9b498eb0c0d48b4c2abc0e10c2d78912203f972e0e63e3c9dc21f15abdaa",
                "sha256:9cc4f107009bca5a81caef2fca843dbec4215c05e917a59dec0c8db5cff1d2aa",
                "sha256:9d6e1f3185cbfd3d91ac77ea065d85d5215d3dfa45b191d14ddfcd952fa53796",
                "sha256:a095aa0a996ea08b10580908e88fbaf81ecf798e923bbe64fb98d1807db3d68a",
                "sha256:a3b2752de32c455f2521a51bd3ffb53c5b3ae92736afde67ce83477f5c1dd928",
                "sha256:ab066f5ab67059d1f1000b5e1aa8bbd75b6ed1fc0014559aea41a9eb66fc2ce0",
                "sha256:c1328d0c2f194ffda30a45f11058c02410e679456276bfa0bbe0b0ee87225fac",
                "sha256:c35cca192ba700979d20ac43024a82b9b32a60da2f983bec6c0f5b84aead635c",
                "sha256:cbbb0e4cd8ddcd5ef47641cfac97d8473ab6b132dd9a46bacb18872828031685",
                "sha256:cdbb0d89923c80dbd435b9cf8bba0ff55585a3cdb28cbec65f376c041472c60d",
                "sha256:cf2afe83a53f77aec067033199797832617890e15bed42f4a1a93ea24794ae3e",
                "sha256:d5dd4b8e9cd0deb60e6fcc7b0647cbc1da6c33b9e786f9c79721fd303994832f",
                "sha256:dfa0b97eb904255e2ab24166071b27408f1f69c8fbda58e9c0972804851e0558",
                "sha256:e16c45b726acb780e1e6f88b286d3c10b3914ab03438f32117c4aa52d7f30d58",
                "sha256:e1fabd473566fce2cf18ea41171d92814e4ef1495e04471786cbc943b89a3781",
                "sha256:e3d3c4cc38b2882f9a15bafd30aec079582b819bec1b8afdbde8f7797008108a",
                "sha256:e431e305a1f3126477abe9a184624a85308da8edf8486a863601d58419d26ffa",
                "sha256:e7b4da9bafad21ea45a714d3ea6f3e1679099e420c8741c74905b92ee9bfa7cc",
                "sha256:ee2b2fb6eb4ace35805f434e0f6409444e1466a47f620d1d5763a22600f0f892",
                "sha256:ee6ae6bbcac0786807295e9687169fba80cb0617852b2fa118a99667e8e6815d",
                "sha256:ef6f44409ab02e202b31a05dd6666797f9de2aa2b4b3534e9d450e42dea5e817",
                "sha256:f67cf9f406cf0d2f08a3515ce2db5b82625a7257f88aad87904674def6ddaec1",
                "sha256:f855b39e4f75abd0dfbcf74a82e84ae3fc260d523fcb3532786bcbbcb158322c",
                "sha256:fc600f6ec19b273da1d85817eda339fb46ce9eef3e89f220055d8696e0a06908",
                "sha256:fcbe3d9a53e013f8ab88734d7e517eb2cd06b7e689bedf22c0eb68db5e4a0a19",
                "sha256:fde17bc42e0716c94bf19d92e4c9f5a00c5feb401f5bc01101fdf2a8b7cacf60",
                "sha256:ff934ced84054b9018665ca3967fc48e1ac99e811f6cc99ea65978e1d384454b"
            ],
            "markers": "python_version >= '3.7'",
            "version": "==6.4.4"
        },
        "more-itertools": {
            "hashes": [
                "sha256:1bc4f91ee5b1b31ac7ceacc17c09befe6a40a503907baf9c839c229b5095cfd2",
                "sha256:c09443cd3d5438b8dafccd867a6bc1cb0894389e90cb53d227456b0b0bccb750"
            ],
            "markers": "python_version >= '3.5'",
            "version": "==8.14.0"
        },
        "mypy": {
            "hashes": [
                "sha256:15b948e1302682e3682f11f50208b726a246ab4e6c1b39f9264a8796bb416aa2",
                "sha256:219a3116ecd015f8dca7b5d2c366c973509dfb9a8fc97ef044a36e3da66144a1",
                "sha256:3b1fc683fb204c6b4403a1ef23f0b1fac8e4477091585e0c8c54cbdf7d7bb164",
                "sha256:3beff56b453b6ef94ecb2996bea101a08f1f8a9771d3cbf4988a61e4d9973761",
                "sha256:7687f6455ec3ed7649d1ae574136835a4272b65b3ddcf01ab8704ac65616c5ce",
                "sha256:7ec45a70d40ede1ec7ad7f95b3c94c9cf4c186a32f6bacb1795b60abd2f9ef27",
                "sha256:86c857510a9b7c3104cf4cde1568f4921762c8f9842e987bc03ed4f160925754",
                "sha256:8a627507ef9b307b46a1fea9513d5c98680ba09591253082b4c48697ba05a4ae",
                "sha256:8dfb69fbf9f3aeed18afffb15e319ca7f8da9642336348ddd6cab2713ddcf8f9",
                "sha256:a34b577cdf6313bf24755f7a0e3f3c326d5c1f4fe7422d1d06498eb25ad0c600",
                "sha256:a8ffcd53cb5dfc131850851cc09f1c44689c2812d0beb954d8138d4f5fc17f65",
                "sha256:b90928f2d9eb2f33162405f32dde9f6dcead63a0971ca8a1b50eb4ca3e35ceb8",
                "sha256:c56ffe22faa2e51054c5f7a3bc70a370939c2ed4de308c690e7949230c995913",
                "sha256:f91c7ae919bbc3f96cd5e5b2e786b2b108343d1d7972ea130f7de27fdd547cf3"
            ],
            "index": "pypi",
            "version": "==0.770"
        },
        "mypy-extensions": {
            "hashes": [
                "sha256:090fedd75945a69ae91ce1303b5824f428daf5a028d2f6ab8a299250a846f15d",
                "sha256:2d82818f5bb3e369420cb3c4060a7970edba416647068eb4c5343488a6c604a8"
            ],
            "version": "==0.4.3"
        },
        "packaging": {
            "hashes": [
                "sha256:dd47c42927d89ab911e606518907cc2d3a1f38bbd026385970643f9c5b8ecfeb",
                "sha256:ef103e05f519cdc783ae24ea4e2e0f508a9c99b2d4969652eed6a2e1ea5bd522"
            ],
            "markers": "python_version >= '3.6'",
            "version": "==21.3"
        },
        "pluggy": {
            "hashes": [
                "sha256:15b2acde666561e1298d71b523007ed7364de07029219b604cf808bfa1c765b0",
                "sha256:966c145cd83c96502c3c3868f50408687b38434af77734af1e9ca461a4081d2d"
            ],
            "markers": "python_version >= '2.7' and python_version not in '3.0, 3.1, 3.2, 3.3'",
            "version": "==0.13.1"
        },
        "py": {
            "hashes": [
                "sha256:51c75c4126074b472f746a24399ad32f6053d1b34b68d2fa41e558e6f4a98719",
                "sha256:607c53218732647dff4acdfcd50cb62615cedf612e72d1724fb1a0cc6405b378"
            ],
            "markers": "python_version >= '2.7' and python_version not in '3.0, 3.1, 3.2, 3.3, 3.4'",
            "version": "==1.11.0"
        },
        "pyflakes": {
            "hashes": [
                "sha256:0d94e0e05a19e57a99444b6ddcf9a6eb2e5c68d3ca1e98e90707af8152c90a92",
                "sha256:35b2d75ee967ea93b55750aa9edbbf72813e06a66ba54438df2cfac9e3c27fc8"
            ],
            "index": "pypi",
            "version": "==2.2.0"
        },
        "pyparsing": {
            "hashes": [
                "sha256:2b020ecf7d21b687f219b71ecad3631f644a47f01403fa1d1036b0c6416d70fb",
                "sha256:5026bae9a10eeaefb61dab2f09052b9f4307d44aee4eda64b309723d8d206bbc"
            ],
            "markers": "python_full_version >= '3.6.8'",
            "version": "==3.0.9"
        },
        "pytest": {
            "hashes": [
                "sha256:95c710d0a72d91c13fae35dce195633c929c3792f54125919847fdcdf7caa0d3",
                "sha256:eb2b5e935f6a019317e455b6da83dd8650ac9ffd2ee73a7b657a30873d67a698"
            ],
            "index": "pypi",
            "version": "==5.4.2"
        },
        "pytest-cov": {
            "hashes": [
                "sha256:cc6742d8bac45070217169f5f72ceee1e0e55b0221f54bcf24845972d3a47f2b",
                "sha256:cdbdef4f870408ebdbfeb44e63e07eb18bb4619fae852f6e760645fa36172626"
            ],
            "index": "pypi",
            "version": "==2.8.1"
        },
        "typed-ast": {
            "hashes": [
                "sha256:01ae5f73431d21eead5015997ab41afa53aa1fbe252f9da060be5dad2c730ace",
                "sha256:067a74454df670dcaa4e59349a2e5c81e567d8d65458d480a5b3dfecec08c5ff",
                "sha256:0fb71b8c643187d7492c1f8352f2c15b4c4af3f6338f21681d3681b3dc31a266",
                "sha256:1b3ead4a96c9101bef08f9f7d1217c096f31667617b58de957f690c92378b528",
                "sha256:2068531575a125b87a41802130fa7e29f26c09a2833fea68d9a40cf33902eba6",
                "sha256:209596a4ec71d990d71d5e0d312ac935d86930e6eecff6ccc7007fe54d703808",
                "sha256:2c726c276d09fc5c414693a2de063f521052d9ea7c240ce553316f70656c84d4",
                "sha256:398e44cd480f4d2b7ee8d98385ca104e35c81525dd98c519acff1b79bdaac363",
                "sha256:52b1eb8c83f178ab787f3a4283f68258525f8d70f778a2f6dd54d3b5e5fb4341",
                "sha256:5feca99c17af94057417d744607b82dd0a664fd5e4ca98061480fd8b14b18d04",
                "sha256:7538e495704e2ccda9b234b82423a4038f324f3a10c43bc088a1636180f11a41",
                "sha256:760ad187b1041a154f0e4d0f6aae3e40fdb51d6de16e5c99aedadd9246450e9e",
                "sha256:777a26c84bea6cd934422ac2e3b78863a37017618b6e5c08f92ef69853e765d3",
                "sha256:95431a26309a21874005845c21118c83991c63ea800dd44843e42a916aec5899",
                "sha256:9ad2c92ec681e02baf81fdfa056fe0d818645efa9af1f1cd5fd6f1bd2bdfd805",
                "sha256:9c6d1a54552b5330bc657b7ef0eae25d00ba7ffe85d9ea8ae6540d2197a3788c",
                "sha256:aee0c1256be6c07bd3e1263ff920c325b59849dc95392a05f258bb9b259cf39c",
                "sha256:af3d4a73793725138d6b334d9d247ce7e5f084d96284ed23f22ee626a7b88e39",
                "sha256:b36b4f3920103a25e1d5d024d155c504080959582b928e91cb608a65c3a49e1a",
                "sha256:b9574c6f03f685070d859e75c7f9eeca02d6933273b5e69572e5ff9d5e3931c3",
                "sha256:bff6ad71c81b3bba8fa35f0f1921fb24ff4476235a6e94a26ada2e54370e6da7",
                "sha256:c190f0899e9f9f8b6b7863debfb739abcb21a5c054f911ca3596d12b8a4c4c7f",
                "sha256:c907f561b1e83e93fad565bac5ba9c22d96a54e7ea0267c708bffe863cbe4075",
                "sha256:cae53c389825d3b46fb37538441f75d6aecc4174f615d048321b716df2757fb0",
                "sha256:dd4a21253f42b8d2b48410cb31fe501d32f8b9fbeb1f55063ad102fe9c425e40",
                "sha256:dde816ca9dac1d9c01dd504ea5967821606f02e510438120091b84e852367428",
                "sha256:f2362f3cb0f3172c42938946dbc5b7843c2a28aec307c49100c8b38764eb6927",
                "sha256:f328adcfebed9f11301eaedfa48e15bdece9b519fb27e6a8c01aa52a17ec31b3",
                "sha256:f8afcf15cc511ada719a88e013cec87c11aff7b91f019295eb4530f96fe5ef2f",
                "sha256:fb1bbeac803adea29cedd70781399c99138358c26d05fcbd23c13016b7f5ec65"
            ],
            "version": "==1.4.3"
        },
        "typing-extensions": {
            "hashes": [
                "sha256:25642c956049920a5aa49edcdd6ab1e06d7e5d467fc00e0506c44ac86fbfca02",
                "sha256:e6d2677a32f47fc7eb2795db1dd15c1f34eff616bcaf2cfb5e997f854fa1c4a6"
            ],
            "markers": "python_version >= '3.7'",
            "version": "==4.3.0"
        },
        "wcwidth": {
            "hashes": [
                "sha256:beb4802a9cebb9144e99086eff703a642a13d6a0052920003a230f3294bbe784",
                "sha256:c4d647b99872929fdb7bdcaa4fbe7f01413ed3d98077df798530e5b04f116c83"
            ],
            "version": "==0.2.5"
        },
        "yapf": {
            "hashes": [
                "sha256:3000abee4c28daebad55da6c85f3cd07b8062ce48e2e9943c8da1b9667d48427",
                "sha256:3abf61ba67cf603069710d30acbc88cfe565d907e16ad81429ae90ce9651e0c9"
            ],
            "index": "pypi",
            "version": "==0.30.0"
        }
    }
}
